
Microsoft Visual Studio Solution File, Format Version 12.00
# Visual Studio 2017
Project("{FAE04EC0-301F-11D3-BF4B-00C04F79EFBC}") = "Dani_4D", "Dani_4D.csproj", "{191A54CF-9FBA-E7C5-4CEA-F466CFB75C29}"
EndProject
Project("{FAE04EC0-301F-11D3-BF4B-00C04F79EFBC}") = "Dani_4D.Editor", "Dani_4D.Editor.csproj", "{AB4FB51B-22E1-CC85-4421-8E1FDBDA2D9E}"
EndProject
Global
	GlobalSection(SolutionConfigurationPlatforms) = preSolution
		Debug|Any CPU = Debug|Any CPU
		Release|Any CPU = Release|Any CPU
	EndGlobalSection
	GlobalSection(ProjectConfigurationPlatforms) = postSolution
		{191A54CF-9FBA-E7C5-4CEA-F466CFB75C29}.Debug|Any CPU.ActiveCfg = Debug|Any CPU
		{191A54CF-9FBA-E7C5-4CEA-F466CFB75C29}.Debug|Any CPU.Build.0 = Debug|Any CPU
		{191A54CF-9FBA-E7C5-4CEA-F466CFB75C29}.Release|Any CPU.ActiveCfg = Release|Any CPU
		{191A54CF-9FBA-E7C5-4CEA-F466CFB75C29}.Release|Any CPU.Build.0 = Release|Any CPU
		{AB4FB51B-22E1-CC85-4421-8E1FDBDA2D9E}.Debug|Any CPU.ActiveCfg = Debug|Any CPU
		{AB4FB51B-22E1-CC85-4421-8E1FDBDA2D9E}.Debug|Any CPU.Build.0 = Debug|Any CPU
		{AB4FB51B-22E1-CC85-4421-8E1FDBDA2D9E}.Release|Any CPU.ActiveCfg = Release|Any CPU
		{AB4FB51B-22E1-CC85-4421-8E1FDBDA2D9E}.Release|Any CPU.Build.0 = Release|Any CPU
	EndGlobalSection
	GlobalSection(SolutionProperties) = preSolution
		HideSolutionNode = FALSE
	EndGlobalSection
EndGlobal
